
Microsoft Visual Studio Solution File, Format Version 12.00
# Visual Studio Version 17
VisualStudioVersion = 17.7.34031.279
MinimumVisualStudioVersion = 10.0.40219.1
Project("{FAE04EC0-301F-11D3-BF4B-00C04F79EFBC}") = "testApp", "testApp.csproj", "{488495B9-1930-427A-9834-4CFF56241532}"
EndProject
Global
	GlobalSection(SolutionConfigurationPlatforms) = preSolution
		Debug|Any CPU = Debug|Any CPU
		Release|Any CPU = Release|Any CPU
	EndGlobalSection
	GlobalSection(ProjectConfigurationPlatforms) = postSolution
		{488495B9-1930-427A-9834-4CFF56241532}.Debug|Any CPU.ActiveCfg = Debug|Any CPU
		{488495B9-1930-427A-9834-4CFF56241532}.Debug|Any CPU.Build.0 = Debug|Any CPU
		{488495B9-1930-427A-9834-4CFF56241532}.Release|Any CPU.ActiveCfg = Release|Any CPU
		{488495B9-1930-427A-9834-4CFF56241532}.Release|Any CPU.Build.0 = Release|Any CPU
	EndGlobalSection
	GlobalSection(SolutionProperties) = preSolution
		HideSolutionNode = FALSE
	EndGlobalSection
	GlobalSection(ExtensibilityGlobals) = postSolution
		SolutionGuid = {7367A3CB-90ED-491C-9A29-476EE4E6E37B}
	EndGlobalSection
EndGlobal
